
Microsoft Visual Studio Solution File, Format Version 12.00
# Visual Studio Version 16
VisualStudioVersion = 16.0.30011.22
MinimumVisualStudioVersion = 10.0.40219.1
Project("{9A19103F-16F7-4668-BE54-9A1E7A4F7556}") = "Core", "src\Core\Core.csproj", "{0FC5A7E8-4349-4A27-9024-278EA95845AF}"
EndProject
Project("{9A19103F-16F7-4668-BE54-9A1E7A4F7556}") = "Infrastructure", "src\Infrastructure\Infrastructure.csproj", "{6E1F9A9B-0B6C-44F7-B06E-788D0FC67072}"
EndProject
Project("{9A19103F-16F7-4668-BE54-9A1E7A4F7556}") = "Web", "src\Web\Web.csproj", "{B2A7519B-27E2-4540-A57B-76440912E203}"
EndProject
Project("{9A19103F-16F7-4668-BE54-9A1E7A4F7556}") = "UnitTests", "tests\UnitTests\UnitTests.csproj", "{7CBC9F9C-9E52-450A-B29E-705FD495EB4A}"
EndProject
Project("{2150E333-8FDC-42A3-9474-1A3956D46DE8}") = "src", "src", "{F56A6D60-5879-4044-A7C7-E2280FAD5396}"
EndProject
Project("{2150E333-8FDC-42A3-9474-1A3956D46DE8}") = "tests", "tests", "{EDE8D4F3-87E1-41C2-A0C6-38C35B5CE24B}"
EndProject
Project("{FAE04EC0-301F-11D3-BF4B-00C04F79EFBC}") = "IntegrationTests", "tests\IntegrationTests\IntegrationTests.csproj", "{3F2DA079-A49A-4B36-8BDB-BEA7FFF86E37}"
EndProject
Global
	GlobalSection(SolutionConfigurationPlatforms) = preSolution
		Debug|Any CPU = Debug|Any CPU
		Release|Any CPU = Release|Any CPU
	EndGlobalSection
	GlobalSection(ProjectConfigurationPlatforms) = postSolution
		{0FC5A7E8-4349-4A27-9024-278EA95845AF}.Debug|Any CPU.ActiveCfg = Debug|Any CPU
		{0FC5A7E8-4349-4A27-9024-278EA95845AF}.Debug|Any CPU.Build.0 = Debug|Any CPU
		{0FC5A7E8-4349-4A27-9024-278EA95845AF}.Release|Any CPU.ActiveCfg = Release|Any CPU
		{0FC5A7E8-4349-4A27-9024-278EA95845AF}.Release|Any CPU.Build.0 = Release|Any CPU
		{6E1F9A9B-0B6C-44F7-B06E-788D0FC67072}.Debug|Any CPU.ActiveCfg = Debug|Any CPU
		{6E1F9A9B-0B6C-44F7-B06E-788D0FC67072}.Debug|Any CPU.Build.0 = Debug|Any CPU
		{6E1F9A9B-0B6C-44F7-B06E-788D0FC67072}.Release|Any CPU.ActiveCfg = Release|Any CPU
		{6E1F9A9B-0B6C-44F7-B06E-788D0FC67072}.Release|Any CPU.Build.0 = Release|Any CPU
		{B2A7519B-27E2-4540-A57B-76440912E203}.Debug|Any CPU.ActiveCfg = Debug|Any CPU
		{B2A7519B-27E2-4540-A57B-76440912E203}.Debug|Any CPU.Build.0 = Debug|Any CPU
		{B2A7519B-27E2-4540-A57B-76440912E203}.Release|Any CPU.ActiveCfg = Release|Any CPU
		{B2A7519B-27E2-4540-A57B-76440912E203}.Release|Any CPU.Build.0 = Release|Any CPU
		{7CBC9F9C-9E52-450A-B29E-705FD495EB4A}.Debug|Any CPU.ActiveCfg = Debug|Any CPU
		{7CBC9F9C-9E52-450A-B29E-705FD495EB4A}.Debug|Any CPU.Build.0 = Debug|Any CPU
		{7CBC9F9C-9E52-450A-B29E-705FD495EB4A}.Release|Any CPU.ActiveCfg = Release|Any CPU
		{7CBC9F9C-9E52-450A-B29E-705FD495EB4A}.Release|Any CPU.Build.0 = Release|Any CPU
		{3F2DA079-A49A-4B36-8BDB-BEA7FFF86E37}.Debug|Any CPU.ActiveCfg = Debug|Any CPU
		{3F2DA079-A49A-4B36-8BDB-BEA7FFF86E37}.Debug|Any CPU.Build.0 = Debug|Any CPU
		{3F2DA079-A49A-4B36-8BDB-BEA7FFF86E37}.Release|Any CPU.ActiveCfg = Release|Any CPU
		{3F2DA079-A49A-4B36-8BDB-BEA7FFF86E37}.Release|Any CPU.Build.0 = Release|Any CPU
	EndGlobalSection
	GlobalSection(SolutionProperties) = preSolution
		HideSolutionNode = FALSE
	EndGlobalSection
	GlobalSection(ExtensibilityGlobals) = postSolution
		SolutionGuid = {A7DE3EA4-2A75-432A-81AC-65CF3181AA5E}
	EndGlobalSection
	GlobalSection(NestedProjects) = preSolution
		{0FC5A7E8-4349-4A27-9024-278EA95845AF} = {F56A6D60-5879-4044-A7C7-E2280FAD5396}
		{6E1F9A9B-0B6C-44F7-B06E-788D0FC67072} = {F56A6D60-5879-4044-A7C7-E2280FAD5396}
		{B2A7519B-27E2-4540-A57B-76440912E203} = {F56A6D60-5879-4044-A7C7-E2280FAD5396}
		{7CBC9F9C-9E52-450A-B29E-705FD495EB4A} = {EDE8D4F3-87E1-41C2-A0C6-38C35B5CE24B}
		{3F2DA079-A49A-4B36-8BDB-BEA7FFF86E37} = {EDE8D4F3-87E1-41C2-A0C6-38C35B5CE24B}
	EndGlobalSection
EndGlobal
